Microsoft Visual Studio Solution File, Format Version 8.00
Project("{8BC9CEB8-8B4A-11D0-8D11-00A0C91BC942}") = "zqcc", "zqcc.vcproj", "{3BC626DF-6D92-4A88-828C-67C147BD62AD}"
	ProjectSection(ProjectDependencies) = postProject
	EndProjectSection
EndProject
Global
	GlobalSection(SolutionConfiguration) = preSolution
		Debug = Debug
		Release = Release
	EndGlobalSection
	GlobalSection(ProjectConfiguration) = postSolution
		{3BC626DF-6D92-4A88-828C-67C147BD62AD}.Debug.ActiveCfg = Debug|Win32
		{3BC626DF-6D92-4A88-828C-67C147BD62AD}.Debug.Build.0 = Debug|Win32
		{3BC626DF-6D92-4A88-828C-67C147BD62AD}.Release.ActiveCfg = Release|Win32
		{3BC626DF-6D92-4A88-828C-67C147BD62AD}.Release.Build.0 = Release|Win32
	EndGlobalSection
	GlobalSection(ExtensibilityGlobals) = postSolution
	EndGlobalSection
	GlobalSection(ExtensibilityAddIns) = postSolution
	EndGlobalSection
EndGlobal
