
Microsoft Visual Studio Solution File, Format Version 12.00
# Visual Studio Express 2013 for Windows Desktop
VisualStudioVersion = 12.0.20827.3
MinimumVisualStudioVersion = 10.0.40219.1
Project("{8BC9CEB8-8B4A-11D0-8D11-00A0C91BC942}") = "zqclient", "zqclient.vcxproj", "{8A7FC492-EE26-4949-8975-FB6B8C703072}"
EndProject
Project("{8BC9CEB8-8B4A-11D0-8D11-00A0C91BC942}") = "zqds", "zqds.vcxproj", "{C0C5C05E-804A-4948-845F-21E56B2620FC}"
EndProject
Project("{8BC9CEB8-8B4A-11D0-8D11-00A0C91BC942}") = "zquake", "zquake.vcxproj", "{9CE09506-1FD2-4496-A502-48C33E7584B4}"
EndProject
Global
	GlobalSection(SolutionConfigurationPlatforms) = preSolution
		Debug|Win32 = Debug|Win32
		GLDebug|Win32 = GLDebug|Win32
		GLRelease|Win32 = GLRelease|Win32
		Release|Win32 = Release|Win32
		Template|Win32 = Template|Win32
	EndGlobalSection
	GlobalSection(ProjectConfigurationPlatforms) = postSolution
		{8A7FC492-EE26-4949-8975-FB6B8C703072}.Debug|Win32.ActiveCfg = Debug|Win32
		{8A7FC492-EE26-4949-8975-FB6B8C703072}.Debug|Win32.Build.0 = Debug|Win32
		{8A7FC492-EE26-4949-8975-FB6B8C703072}.GLDebug|Win32.ActiveCfg = GLDebug|Win32
		{8A7FC492-EE26-4949-8975-FB6B8C703072}.GLDebug|Win32.Build.0 = GLDebug|Win32
		{8A7FC492-EE26-4949-8975-FB6B8C703072}.GLRelease|Win32.ActiveCfg = GLRelease|Win32
		{8A7FC492-EE26-4949-8975-FB6B8C703072}.GLRelease|Win32.Build.0 = GLRelease|Win32
		{8A7FC492-EE26-4949-8975-FB6B8C703072}.Release|Win32.ActiveCfg = Release|Win32
		{8A7FC492-EE26-4949-8975-FB6B8C703072}.Release|Win32.Build.0 = Release|Win32
		{8A7FC492-EE26-4949-8975-FB6B8C703072}.Template|Win32.ActiveCfg = GLDebug|Win32
		{8A7FC492-EE26-4949-8975-FB6B8C703072}.Template|Win32.Build.0 = GLDebug|Win32
		{C0C5C05E-804A-4948-845F-21E56B2620FC}.Debug|Win32.ActiveCfg = Debug|Win32
		{C0C5C05E-804A-4948-845F-21E56B2620FC}.Debug|Win32.Build.0 = Debug|Win32
		{C0C5C05E-804A-4948-845F-21E56B2620FC}.GLDebug|Win32.ActiveCfg = Debug|Win32
		{C0C5C05E-804A-4948-845F-21E56B2620FC}.GLDebug|Win32.Build.0 = Debug|Win32
		{C0C5C05E-804A-4948-845F-21E56B2620FC}.GLRelease|Win32.ActiveCfg = Release|Win32
		{C0C5C05E-804A-4948-845F-21E56B2620FC}.GLRelease|Win32.Build.0 = Release|Win32
		{C0C5C05E-804A-4948-845F-21E56B2620FC}.Release|Win32.ActiveCfg = Release|Win32
		{C0C5C05E-804A-4948-845F-21E56B2620FC}.Release|Win32.Build.0 = Release|Win32
		{C0C5C05E-804A-4948-845F-21E56B2620FC}.Template|Win32.ActiveCfg = Template|Win32
		{C0C5C05E-804A-4948-845F-21E56B2620FC}.Template|Win32.Build.0 = Template|Win32
		{9CE09506-1FD2-4496-A502-48C33E7584B4}.Debug|Win32.ActiveCfg = Debug|Win32
		{9CE09506-1FD2-4496-A502-48C33E7584B4}.Debug|Win32.Build.0 = Debug|Win32
		{9CE09506-1FD2-4496-A502-48C33E7584B4}.GLDebug|Win32.ActiveCfg = GLDebug|Win32
		{9CE09506-1FD2-4496-A502-48C33E7584B4}.GLDebug|Win32.Build.0 = GLDebug|Win32
		{9CE09506-1FD2-4496-A502-48C33E7584B4}.GLRelease|Win32.ActiveCfg = GLRelease|Win32
		{9CE09506-1FD2-4496-A502-48C33E7584B4}.GLRelease|Win32.Build.0 = GLRelease|Win32
		{9CE09506-1FD2-4496-A502-48C33E7584B4}.Release|Win32.ActiveCfg = Release|Win32
		{9CE09506-1FD2-4496-A502-48C33E7584B4}.Release|Win32.Build.0 = Release|Win32
		{9CE09506-1FD2-4496-A502-48C33E7584B4}.Template|Win32.ActiveCfg = Template|Win32
		{9CE09506-1FD2-4496-A502-48C33E7584B4}.Template|Win32.Build.0 = Template|Win32
	EndGlobalSection
	GlobalSection(SolutionProperties) = preSolution
		HideSolutionNode = FALSE
	EndGlobalSection
EndGlobal
